// !$*UTF8*$!
{
	archiveVersion = 1;
	classes = {
	};
	objectVersion = 50;
	objects = {

/* Begin PBXBuildFile section */
		8493868C24243454003CDEFE /* AppDelegate.swift in Sources */ = {isa = PBXBuildFile; fileRef = 8493868B24243454003CDEFE /* AppDelegate.swift */; };
		8493868E24243454003CDEFE /* SceneDelegate.swift in Sources */ = {isa = PBXBuildFile; fileRef = 8493868D24243454003CDEFE /* SceneDelegate.swift */; };
		8493869024243454003CDEFE /* ViewController.swift in Sources */ = {isa = PBXBuildFile; fileRef = 8493868F24243454003CDEFE /* ViewController.swift */; };
		8493869324243454003CDEFE /* Main.storyboard in Resources */ = {isa = PBXBuildFile; fileRef = 8493869124243454003CDEFE /* Main.storyboard */; };
		8493869524243458003CDEFE /* Assets.xcassets in Resources */ = {isa = PBXBuildFile; fileRef = 8493869424243458003CDEFE /* Assets.xcassets */; };
		849386A324243459003CDEFE /* GameTests.swift in Sources */ = {isa = PBXBuildFile; fileRef = 849386A224243459003CDEFE /* GameTests.swift */; };
		849386AE24243459003CDEFE /* GameUITests.swift in Sources */ = {isa = PBXBuildFile; fileRef = 849386AD24243459003CDEFE /* GameUITests.swift */; };
		849386BC242434CE003CDEFE /* GameView.swift in Sources */ = {isa = PBXBuildFile; fileRef = 849386BB242434CE003CDEFE /* GameView.swift */; };
		849386BE242434E3003CDEFE /* GameViewController.swift in Sources */ = {isa = PBXBuildFile; fileRef = 849386BD242434E3003CDEFE /* GameViewController.swift */; };
		849386C024243515003CDEFE /* Extensions.swift in Sources */ = {isa = PBXBuildFile; fileRef = 849386BF24243515003CDEFE /* Extensions.swift */; };
		849386C224243B03003CDEFE /* GameBehavior.swift in Sources */ = {isa = PBXBuildFile; fileRef = 849386C124243B03003CDEFE /* GameBehavior.swift */; };
/* End PBXBuildFile section */

/* Begin PBXContainerItemProxy section */
		8493869F24243459003CDEFE /* PBXContainerItemProxy */ = {
			isa = PBXContainerItemProxy;
			containerPortal = 8493868024243454003CDEFE /* Project object */;
			proxyType = 1;
			remoteGlobalIDString = 8493868724243454003CDEFE;
			remoteInfo = Game;
		};
		849386AA24243459003CDEFE /* PBXContainerItemProxy */ = {
			isa = PBXContainerItemProxy;
			containerPortal = 8493868024243454003CDEFE /* Project object */;
			proxyType = 1;
			remoteGlobalIDString = 8493868724243454003CDEFE;
			remoteInfo = Game;
		};
/* End PBXContainerItemProxy section */

/* Begin PBXFileReference section */
		8493868824243454003CDEFE /* Game.app */ = {isa = PBXFileReference; explicitFileType = wrapper.application; includeInIndex = 0; path = Game.app; sourceTree = BUILT_PRODUCTS_DIR; };
		8493868B24243454003CDEFE /* AppDelegate.swift */ = {isa = PBXFileReference; lastKnownFileType = sourcecode.swift; path = AppDelegate.swift; sourceTree = "<group>"; };
		8493868D24243454003CDEFE /* SceneDelegate.swift */ = {isa = PBXFileReference; lastKnownFileType = sourcecode.swift; path = SceneDelegate.swift; sourceTree = "<group>"; };
		8493868F24243454003CDEFE /* ViewController.swift */ = {isa = PBXFileReference; lastKnownFileType = sourcecode.swift; path = ViewController.swift; sourceTree = "<group>"; };
		8493869224243454003CDEFE /* Base */ = {isa = PBXFileReference; lastKnownFileType = file.storyboard; name = Base; path = Base.lproj/Main.storyboard; sourceTree = "<group>"; };
		8493869424243458003CDEFE /* Assets.xcassets */ = {isa = PBXFileReference; lastKnownFileType = folder.assetcatalog; path = Assets.xcassets; sourceTree = "<group>"; };
		8493869924243458003CDEFE /* Info.plist */ = {isa = PBXFileReference; lastKnownFileType = text.plist.xml; path = Info.plist; sourceTree = "<group>"; };
		8493869E24243459003CDEFE /* GameTests.xctest */ = {isa = PBXFileReference; explicitFileType = wrapper.cfbundle; includeInIndex = 0; path = GameTests.xctest; sourceTree = BUILT_PRODUCTS_DIR; };
		849386A224243459003CDEFE /* GameTests.swift */ = {isa = PBXFileReference; lastKnownFileType = sourcecode.swift; path = GameTests.swift; sourceTree = "<group>"; };
		849386A424243459003CDEFE /* Info.plist */ = {isa = PBXFileReference; lastKnownFileType = text.plist.xml; path = Info.plist; sourceTree = "<group>"; };
		849386A924243459003CDEFE /* GameUITests.xctest */ = {isa = PBXFileReference; explicitFileType = wrapper.cfbundle; includeInIndex = 0; path = GameUITests.xctest; sourceTree = BUILT_PRODUCTS_DIR; };
		849386AD24243459003CDEFE /* GameUITests.swift */ = {isa = PBXFileReference; lastKnownFileType = sourcecode.swift; path = GameUITests.swift; sourceTree = "<group>"; };
		849386AF24243459003CDEFE /* Info.plist */ = {isa = PBXFileReference; lastKnownFileType = text.plist.xml; path = Info.plist; sourceTree = "<group>"; };
		849386BB242434CE003CDEFE /* GameView.swift */ = {isa = PBXFileReference; lastKnownFileType = sourcecode.swift; path = GameView.swift; sourceTree = "<group>"; };
		849386BD242434E3003CDEFE /* GameViewController.swift */ = {isa = PBXFileReference; lastKnownFileType = sourcecode.swift; path = GameViewController.swift; sourceTree = "<group>"; };
		849386BF24243515003CDEFE /* Extensions.swift */ = {isa = PBXFileReference; lastKnownFileType = sourcecode.swift; path = Extensions.swift; sourceTree = "<group>"; };
		849386C124243B03003CDEFE /* GameBehavior.swift */ = {isa = PBXFileReference; lastKnownFileType = sourcecode.swift; path = GameBehavior.swift; sourceTree = "<group>"; };
/* End PBXFileReference section */

/* Begin PBXFrameworksBuildPhase section */
		8493868524243454003CDEFE /* Frameworks */ = {
			isa = PBXFrameworksBuildPhase;
			buildActionMask = 2147483647;
			files = (
			);
			runOnlyForDeploymentPostprocessing = 0;
		};
		8493869B24243459003CDEFE /* Frameworks */ = {
			isa = PBXFrameworksBuildPhase;
			buildActionMask = 2147483647;
			files = (
			);
			runOnlyForDeploymentPostprocessing = 0;
		};
		849386A624243459003CDEFE /* Frameworks */ = {
			isa = PBXFrameworksBuildPhase;
			buildActionMask = 2147483647;
			files = (
			);
			runOnlyForDeploymentPostprocessing = 0;
		};
/* End PBXFrameworksBuildPhase section */

/* Begin PBXGroup section */
		8493867F24243454003CDEFE = {
			isa = PBXGroup;
			children = (
				8493868A24243454003CDEFE /* Game */,
				849386A124243459003CDEFE /* GameTests */,
				849386AC24243459003CDEFE /* GameUITests */,
				8493868924243454003CDEFE /* Products */,
			);
			sourceTree = "<group>";
		};
		8493868924243454003CDEFE /* Products */ = {
			isa = PBXGroup;
			children = (
				8493868824243454003CDEFE /* Game.app */,
				8493869E24243459003CDEFE /* GameTests.xctest */,
				849386A924243459003CDEFE /* GameUITests.xctest */,
			);
			name = Products;
			sourceTree = "<group>";
		};
		8493868A24243454003CDEFE /* Game */ = {
			isa = PBXGroup;
			children = (
				8493868B24243454003CDEFE /* AppDelegate.swift */,
				8493868D24243454003CDEFE /* SceneDelegate.swift */,
				8493868F24243454003CDEFE /* ViewController.swift */,
				8493869124243454003CDEFE /* Main.storyboard */,
				849386BB242434CE003CDEFE /* GameView.swift */,
				849386BD242434E3003CDEFE /* GameViewController.swift */,
				849386C124243B03003CDEFE /* GameBehavior.swift */,
				8493869424243458003CDEFE /* Assets.xcassets */,
				849386BF24243515003CDEFE /* Extensions.swift */,
				8493869924243458003CDEFE /* Info.plist */,
			);
			path = Game;
			sourceTree = "<group>";
		};
		849386A124243459003CDEFE /* GameTests */ = {
			isa = PBXGroup;
			children = (
				849386A224243459003CDEFE /* GameTests.swift */,
				849386A424243459003CDEFE /* Info.plist */,
			);
			path = GameTests;
			sourceTree = "<group>";
		};
		849386AC24243459003CDEFE /* GameUITests */ = {
			isa = PBXGroup;
			children = (
				849386AD24243459003CDEFE /* GameUITests.swift */,
				849386AF24243459003CDEFE /* Info.plist */,
			);
			path = GameUITests;
			sourceTree = "<group>";
		};
/* End PBXGroup section */

/* Begin PBXNativeTarget section */
		8493868724243454003CDEFE /* Game */ = {
			isa = PBXNativeTarget;
			buildConfigurationList = 849386B224243459003CDEFE /* Build configuration list for PBXNativeTarget "Game" */;
			buildPhases = (
				8493868424243454003CDEFE /* Sources */,
				8493868524243454003CDEFE /* Frameworks */,
				8493868624243454003CDEFE /* Resources */,
			);
			buildRules = (
			);
			dependencies = (
			);
			name = Game;
			productName = Game;
			productReference = 8493868824243454003CDEFE /* Game.app */;
			productType = "com.apple.product-type.application";
		};
		8493869D24243459003CDEFE /* GameTests */ = {
			isa = PBXNativeTarget;
			buildConfigurationList = 849386B524243459003CDEFE /* Build configuration list for PBXNativeTarget "GameTests" */;
			buildPhases = (
				8493869A24243459003CDEFE /* Sources */,
				8493869B24243459003CDEFE /* Frameworks */,
				8493869C24243459003CDEFE /* Resources */,
			);
			buildRules = (
			);
			dependencies = (
				849386A024243459003CDEFE /* PBXTargetDependency */,
			);
			name = GameTests;
			productName = GameTests;
			productReference = 8493869E24243459003CDEFE /* GameTests.xctest */;
			productType = "com.apple.product-type.bundle.unit-test";
		};
		849386A824243459003CDEFE /* GameUITests */ = {
			isa = PBXNativeTarget;
			buildConfigurationList = 849386B824243459003CDEFE /* Build configuration list for PBXNativeTarget "GameUITests" */;
			buildPhases = (
				849386A524243459003CDEFE /* Sources */,
				849386A624243459003CDEFE /* Frameworks */,
				849386A724243459003CDEFE /* Resources */,
			);
			buildRules = (
			);
			dependencies = (
				849386AB24243459003CDEFE /* PBXTargetDependency */,
			);
			name = GameUITests;
			productName = GameUITests;
			productReference = 849386A924243459003CDEFE /* GameUITests.xctest */;
			productType = "com.apple.product-type.bundle.ui-testing";
		};
/* End PBXNativeTarget section */

/* Begin PBXProject section */
		8493868024243454003CDEFE /* Project object */ = {
			isa = PBXProject;
			attributes = {
				LastSwiftUpdateCheck = 1130;
				LastUpgradeCheck = 1130;
				ORGANIZATIONNAME = "Gavin Andrews";
				TargetAttributes = {
					8493868724243454003CDEFE = {
						CreatedOnToolsVersion = 11.3.1;
					};
					8493869D24243459003CDEFE = {
						CreatedOnToolsVersion = 11.3.1;
						TestTargetID = 8493868724243454003CDEFE;
					};
					849386A824243459003CDEFE = {
						CreatedOnToolsVersion = 11.3.1;
						TestTargetID = 8493868724243454003CDEFE;
					};
				};
			};
			buildConfigurationList = 8493868324243454003CDEFE /* Build configuration list for PBXProject "Game" */;
			compatibilityVersion = "Xcode 9.3";
			developmentRegion = en;
			hasScannedForEncodings = 0;
			knownRegions = (
				en,
				Base,
			);
			mainGroup = 8493867F24243454003CDEFE;
			productRefGroup = 8493868924243454003CDEFE /* Products */;
			projectDirPath = "";
			projectRoot = "";
			targets = (
				8493868724243454003CDEFE /* Game */,
				8493869D24243459003CDEFE /* GameTests */,
				849386A824243459003CDEFE /* GameUITests */,
			);
		};
/* End PBXProject section */

/* Begin PBXResourcesBuildPhase section */
		8493868624243454003CDEFE /* Resources */ = {
			isa = PBXResourcesBuildPhase;
			buildActionMask = 2147483647;
			files = (
				8493869524243458003CDEFE /* Assets.xcassets in Resources */,
				8493869324243454003CDEFE /* Main.storyboard in Resources */,
			);
			runOnlyForDeploymentPostprocessing = 0;
		};
		8493869C24243459003CDEFE /* Resources */ = {
			isa = PBXResourcesBuildPhase;
			buildActionMask = 2147483647;
			files = (
			);
			runOnlyForDeploymentPostprocessing = 0;
		};
		849386A724243459003CDEFE /* Resources */ = {
			isa = PBXResourcesBuildPhase;
			buildActionMask = 2147483647;
			files = (
			);
			runOnlyForDeploymentPostprocessing = 0;
		};
/* End PBXResourcesBuildPhase section */

/* Begin PBXSourcesBuildPhase section */
		8493868424243454003CDEFE /* Sources */ = {
			isa = PBXSourcesBuildPhase;
			buildActionMask = 2147483647;
			files = (
				849386BE242434E3003CDEFE /* GameViewController.swift in Sources */,
				849386C024243515003CDEFE /* Extensions.swift in Sources */,
				8493869024243454003CDEFE /* ViewController.swift in Sources */,
				849386C224243B03003CDEFE /* GameBehavior.swift in Sources */,
				8493868C24243454003CDEFE /* AppDelegate.swift in Sources */,
				849386BC242434CE003CDEFE /* GameView.swift in Sources */,
				8493868E24243454003CDEFE /* SceneDelegate.swift in Sources */,
			);
			runOnlyForDeploymentPostprocessing = 0;
		};
		8493869A24243459003CDEFE /* Sources */ = {
			isa = PBXSourcesBuildPhase;
			buildActionMask = 2147483647;
			files = (
				849386A324243459003CDEFE /* GameTests.swift in Sources */,
			);
			runOnlyForDeploymentPostprocessing = 0;
		};
		849386A524243459003CDEFE /* Sources */ = {
			isa = PBXSourcesBuildPhase;
			buildActionMask = 2147483647;
			files = (
				849386AE24243459003CDEFE /* GameUITests.swift in Sources */,
			);
			runOnlyForDeploymentPostprocessing = 0;
		};
/* End PBXSourcesBuildPhase section */

/* Begin PBXTargetDependency section */
		849386A024243459003CDEFE /* PBXTargetDependency */ = {
			isa = PBXTargetDependency;
			target = 8493868724243454003CDEFE /* Game */;
			targetProxy = 8493869F24243459003CDEFE /* PBXContainerItemProxy */;
		};
		849386AB24243459003CDEFE /* PBXTargetDependency */ = {
			isa = PBXTargetDependency;
			target = 8493868724243454003CDEFE /* Game */;
			targetProxy = 849386AA24243459003CDEFE /* PBXContainerItemProxy */;
		};
/* End PBXTargetDependency section */

/* Begin PBXVariantGroup section */
		8493869124243454003CDEFE /* Main.storyboard */ = {
			isa = PBXVariantGroup;
			children = (
				8493869224243454003CDEFE /* Base */,
			);
			name = Main.storyboard;
			sourceTree = "<group>";
		};
/* End PBXVariantGroup section */

/* Begin XCBuildConfiguration section */
		849386B024243459003CDEFE /* Debug */ = {
			isa = XCBuildConfiguration;
			buildSettings = {
				ALWAYS_SEARCH_USER_PATHS = NO;
				CLANG_ANALYZER_NONNULL = YES;
				CLANG_ANALYZER_NUMBER_OBJECT_CONVERSION = YES_AGGRESSIVE;
				CLANG_CXX_LANGUAGE_STANDARD = "gnu++14";
				CLANG_CXX_LIBRARY = "libc++";
				CLANG_ENABLE_MODULES = YES;
				CLANG_ENABLE_OBJC_ARC = YES;
				CLANG_ENABLE_OBJC_WEAK = YES;
				CLANG_WARN_BLOCK_CAPTURE_AUTORELEASING = YES;
				CLANG_WARN_BOOL_CONVERSION = YES;
				CLANG_WARN_COMMA = YES;
				CLANG_WARN_CONSTANT_CONVERSION = YES;
				CLANG_WARN_DEPRECATED_OBJC_IMPLEMENTATIONS = YES;
				CLANG_WARN_DIRECT_OBJC_ISA_USAGE = YES_ERROR;
				CLANG_WARN_DOCUMENTATION_COMMENTS = YES;
				CLANG_WARN_EMPTY_BODY = YES;
				CLANG_WARN_ENUM_CONVERSION = YES;
				CLANG_WARN_INFINITE_RECURSION = YES;
				CLANG_WARN_INT_CONVERSION = YES;
				CLANG_WARN_NON_LITERAL_NULL_CONVERSION = YES;
				CLANG_WARN_OBJC_IMPLICIT_RETAIN_SELF = YES;
				CLANG_WARN_OBJC_LITERAL_CONVERSION = YES;
				CLANG_WARN_OBJC_ROOT_CLASS = YES_ERROR;
				CLANG_WARN_RANGE_LOOP_ANALYSIS = YES;
				CLANG_WARN_STRICT_PROTOTYPES = YES;
				CLANG_WARN_SUSPICIOUS_MOVE = YES;
				CLANG_WARN_UNGUARDED_AVAILABILITY = YES_AGGRESSIVE;
				CLANG_WARN_UNREACHABLE_CODE = YES;
				CLANG_WARN__DUPLICATE_METHOD_MATCH = YES;
				COPY_PHASE_STRIP = NO;
				DEBUG_INFORMATION_FORMAT = dwarf;
				ENABLE_STRICT_OBJC_MSGSEND = YES;
				ENABLE_TESTABILITY = YES;
				GCC_C_LANGUAGE_STANDARD = gnu11;
				GCC_DYNAMIC_NO_PIC = NO;
				GCC_NO_COMMON_BLOCKS = YES;
				GCC_OPTIMIZATION_LEVEL = 0;
				GCC_PREPROCESSOR_DEFINITIONS = (
					"DEBUG=1",
					"$(inherited)",
				);
				GCC_WARN_64_TO_32_BIT_CONVERSION = YES;
				GCC_WARN_ABOUT_RETURN_TYPE = YES_ERROR;
				GCC_WARN_UNDECLARED_SELECTOR = YES;
				GCC_WARN_UNINITIALIZED_AUTOS = YES_AGGRESSIVE;
				GCC_WARN_UNUSED_FUNCTION = YES;
				GCC_WARN_UNUSED_VARIABLE = YES;
				IPHONEOS_DEPLOYMENT_TARGET = 13.2;
				MTL_ENABLE_DEBUG_INFO = INCLUDE_SOURCE;
				MTL_FAST_MATH = YES;
				ONLY_ACTIVE_ARCH = YES;
				SDKROOT = iphoneos;
				SWIFT_ACTIVE_COMPILATION_CONDITIONS = DEBUG;
				SWIFT_OPTIMIZATION_LEVEL = "-Onone";
			};
			name = Debug;
		};
		849386B124243459003CDEFE /* Release */ = {
			isa = XCBuildConfiguration;
			buildSettings = {
				ALWAYS_SEARCH_USER_PATHS = NO;
				CLANG_ANALYZER_NONNULL = YES;
				CLANG_ANALYZER_NUMBER_OBJECT_CONVERSION = YES_AGGRESSIVE;
				CLANG_CXX_LANGUAGE_STANDARD = "gnu++14";
				CLANG_CXX_LIBRARY = "libc++";
				CLANG_ENABLE_MODULES = YES;
				CLANG_ENABLE_OBJC_ARC = YES;
				CLANG_ENABLE_OBJC_WEAK = YES;
				CLANG_WARN_BLOCK_CAPTURE_AUTORELEASING = YES;
				CLANG_WARN_BOOL_CONVERSION = YES;
				CLANG_WARN_COMMA = YES;
				CLANG_WARN_CONSTANT_CONVERSION = YES;
				CLANG_WARN_DEPRECATED_OBJC_IMPLEMENTATIONS = YES;
				CLANG_WARN_DIRECT_OBJC_ISA_USAGE = YES_ERROR;
				CLANG_WARN_DOCUMENTATION_COMMENTS = YES;
				CLANG_WARN_EMPTY_BODY = YES;
				CLANG_WARN_ENUM_CONVERSION = YES;
				CLANG_WARN_INFINITE_RECURSION = YES;
				CLANG_WARN_INT_CONVERSION = YES;
				CLANG_WARN_NON_LITERAL_NULL_CONVERSION = YES;
				CLANG_WARN_OBJC_IMPLICIT_RETAIN_SELF = YES;
				CLANG_WARN_OBJC_LITERAL_CONVERSION = YES;
				CLANG_WARN_OBJC_ROOT_CLASS = YES_ERROR;
				CLANG_WARN_RANGE_LOOP_ANALYSIS = YES;
				CLANG_WARN_STRICT_PROTOTYPES = YES;
				CLANG_WARN_SUSPICIOUS_MOVE = YES;
				CLANG_WARN_UNGUARDED_AVAILABILITY = YES_AGGRESSIVE;
				CLANG_WARN_UNREACHABLE_CODE = YES;
				CLANG_WARN__DUPLICATE_METHOD_MATCH = YES;
				COPY_PHASE_STRIP = NO;
				DEBUG_INFORMATION_FORMAT = "dwarf-with-dsym";
				ENABLE_NS_ASSERTIONS = NO;
				ENABLE_STRICT_OBJC_MSGSEND = YES;
				GCC_C_LANGUAGE_STANDARD = gnu11;
				GCC_NO_COMMON_BLOCKS = YES;
				GCC_WARN_64_TO_32_BIT_CONVERSION = YES;
				GCC_WARN_ABOUT_RETURN_TYPE = YES_ERROR;
				GCC_WARN_UNDECLARED_SELECTOR = YES;
				GCC_WARN_UNINITIALIZED_AUTOS = YES_AGGRESSIVE;
				GCC_WARN_UNUSED_FUNCTION = YES;
				GCC_WARN_UNUSED_VARIABLE = YES;
				IPHONEOS_DEPLOYMENT_TARGET = 13.2;
				MTL_ENABLE_DEBUG_INFO = NO;
				MTL_FAST_MATH = YES;
				SDKROOT = iphoneos;
				SWIFT_COMPILATION_MODE = wholemodule;
				SWIFT_OPTIMIZATION_LEVEL = "-O";
				VALIDATE_PRODUCT = YES;
			};
			name = Release;
		};
		849386B324243459003CDEFE /* Debug */ = {
			isa = XCBuildConfiguration;
			buildSettings = {
				ASSETCATALOG_COMPILER_APPICON_NAME = AppIcon;
				CODE_SIGN_STYLE = Automatic;
				DEVELOPMENT_TEAM = 6QKYFV46Y6;
				INFOPLIST_FILE = Game/Info.plist;
				LD_RUNPATH_SEARCH_PATHS = (
					"$(inherited)",
					"@executable_path/Frameworks",
				);
				PRODUCT_BUNDLE_IDENTIFIER = Gavand.Game;
				PRODUCT_NAME = "$(TARGET_NAME)";
				SWIFT_VERSION = 5.0;
				TARGETED_DEVICE_FAMILY = "1,2";
			};
			name = Debug;
		};
		849386B424243459003CDEFE /* Release */ = {
			isa = XCBuildConfiguration;
			buildSettings = {
				ASSETCATALOG_COMPILER_APPICON_NAME = AppIcon;
				CODE_SIGN_STYLE = Automatic;
				DEVELOPMENT_TEAM = 6QKYFV46Y6;
				INFOPLIST_FILE = Game/Info.plist;
				LD_RUNPATH_SEARCH_PATHS = (
					"$(inherited)",
					"@executable_path/Frameworks",
				);
				PRODUCT_BUNDLE_IDENTIFIER = Gavand.Game;
				PRODUCT_NAME = "$(TARGET_NAME)";
				SWIFT_VERSION = 5.0;
				TARGETED_DEVICE_FAMILY = "1,2";
			};
			name = Release;
		};
		849386B624243459003CDEFE /* Debug */ = {
			isa = XCBuildConfiguration;
			buildSettings = {
				ALWAYS_EMBED_SWIFT_STANDARD_LIBRARIES = YES;
				BUNDLE_LOADER = "$(TEST_HOST)";
				CODE_SIGN_STYLE = Automatic;
				DEVELOPMENT_TEAM = 6QKYFV46Y6;
				INFOPLIST_FILE = GameTests/Info.plist;
				IPHONEOS_DEPLOYMENT_TARGET = 13.2;
				LD_RUNPATH_SEARCH_PATHS = (
					"$(inherited)",
					"@executable_path/Frameworks",
					"@loader_path/Frameworks",
				);
				PRODUCT_BUNDLE_IDENTIFIER = Gavand.GameTests;
				PRODUCT_NAME = "$(TARGET_NAME)";
				SWIFT_VERSION = 5.0;
				TARGETED_DEVICE_FAMILY = "1,2";
				TEST_HOST = "$(BUILT_PRODUCTS_DIR)/Game.app/Game";
			};
			name = Debug;
		};
		849386B724243459003CDEFE /* Release */ = {
			isa = XCBuildConfiguration;
			buildSettings = {
				ALWAYS_EMBED_SWIFT_STANDARD_LIBRARIES = YES;
				BUNDLE_LOADER = "$(TEST_HOST)";
				CODE_SIGN_STYLE = Automatic;
				DEVELOPMENT_TEAM = 6QKYFV46Y6;
				INFOPLIST_FILE = GameTests/Info.plist;
				IPHONEOS_DEPLOYMENT_TARGET = 13.2;
				LD_RUNPATH_SEARCH_PATHS = (
					"$(inherited)",
					"@executable_path/Frameworks",
					"@loader_path/Frameworks",
				);
				PRODUCT_BUNDLE_IDENTIFIER = Gavand.GameTests;
				PRODUCT_NAME = "$(TARGET_NAME)";
				SWIFT_VERSION = 5.0;
				TARGETED_DEVICE_FAMILY = "1,2";
				TEST_HOST = "$(BUILT_PRODUCTS_DIR)/Game.app/Game";
			};
			name = Release;
		};
		849386B924243459003CDEFE /* Debug */ = {
			isa = XCBuildConfiguration;
			buildSettings = {
				ALWAYS_EMBED_SWIFT_STANDARD_LIBRARIES = YES;
				CODE_SIGN_STYLE = Automatic;
				DEVELOPMENT_TEAM = 6QKYFV46Y6;
				INFOPLIST_FILE = GameUITests/Info.plist;
				LD_RUNPATH_SEARCH_PATHS = (
					"$(inherited)",
					"@executable_path/Frameworks",
					"@loader_path/Frameworks",
				);
				PRODUCT_BUNDLE_IDENTIFIER = Gavand.GameUITests;
				PRODUCT_NAME = "$(TARGET_NAME)";
				SWIFT_VERSION = 5.0;
				TARGETED_DEVICE_FAMILY = "1,2";
				TEST_TARGET_NAME = Game;
			};
			name = Debug;
		};
		849386BA24243459003CDEFE /* Release */ = {
			isa = XCBuildConfiguration;
			buildSettings = {
				ALWAYS_EMBED_SWIFT_STANDARD_LIBRARIES = YES;
				CODE_SIGN_STYLE = Automatic;
				DEVELOPMENT_TEAM = 6QKYFV46Y6;
				INFOPLIST_FILE = GameUITests/Info.plist;
				LD_RUNPATH_SEARCH_PATHS = (
					"$(inherited)",
					"@executable_path/Frameworks",
					"@loader_path/Frameworks",
				);
				PRODUCT_BUNDLE_IDENTIFIER = Gavand.GameUITests;
				PRODUCT_NAME = "$(TARGET_NAME)";
				SWIFT_VERSION = 5.0;
				TARGETED_DEVICE_FAMILY = "1,2";
				TEST_TARGET_NAME = Game;
			};
			name = Release;
		};
/* End XCBuildConfiguration section */

/* Begin XCConfigurationList section */
		8493868324243454003CDEFE /* Build configuration list for PBXProject "Game" */ = {
			isa = XCConfigurationList;
			buildConfigurations = (
				849386B024243459003CDEFE /* Debug */,
				849386B124243459003CDEFE /* Release */,
			);
			defaultConfigurationIsVisible = 0;
			defaultConfigurationName = Release;
		};
		849386B224243459003CDEFE /* Build configuration list for PBXNativeTarget "Game" */ = {
			isa = XCConfigurationList;
			buildConfigurations = (
				849386B324243459003CDEFE /* Debug */,
				849386B424243459003CDEFE /* Release */,
			);
			defaultConfigurationIsVisible = 0;
			defaultConfigurationName = Release;
		};
		849386B524243459003CDEFE /* Build configuration list for PBXNativeTarget "GameTests" */ = {
			isa = XCConfigurationList;
			buildConfigurations = (
				849386B624243459003CDEFE /* Debug */,
				849386B724243459003CDEFE /* Release */,
			);
			defaultConfigurationIsVisible = 0;
			defaultConfigurationName = Release;
		};
		849386B824243459003CDEFE /* Build configuration list for PBXNativeTarget "GameUITests" */ = {
			isa = XCConfigurationList;
			buildConfigurations = (
				849386B924243459003CDEFE /* Debug */,
				849386BA24243459003CDEFE /* Release */,
			);
			defaultConfigurationIsVisible = 0;
			defaultConfigurationName = Release;
		};
/* End XCConfigurationList section */
	};
	rootObject = 8493868024243454003CDEFE /* Project object */;
}
